{
  "name": "checkdependencya",
  "version": "1.0.1",
  "lockfileVersion": 1,
  "requires": true,
  "dependencies": {
    "checkdependencyb": {
      "version": "1.0.5",
      "resolved": "https://registry.npmjs.org/checkdependencyb/-/checkdependencyb-1.0.5.tgz",
      "integrity": "sha512-YwL/+XFZTwg1zJ4sC7dj7CR9/xwz+Q6NN5dwP00CjPGro8enRvLjyo++iPah52yOAZe08zFEfJ0VfdXqej9ntw==",
      "requires": {
        "checkdependencyc": "^1.0.3"
      }
    },
    "checkdependencyc": {
      "version": "1.0.3",
      "resolved": "https://registry.npmjs.org/checkdependencyc/-/checkdependencyc-1.0.3.tgz",
      "integrity": "sha512-G+Iu09MDGu4xHnKmFJEcTLF7nam/2AEN8q8PfZY5La9kgLF8XGJLWUNTVt0AO8yLjRgnSxNDxkujL/T8dWJimw=="
    }
  }
}
